<Solution>
  <Folder Name="/Extension/">
    <Project Path="RonSijm.AnaalIJzer.VisualStudio.csproj" />
  </Folder>
  <Folder Name="/Tests/">
    <Project Path="../../Tests/RonSijm.AnaalIJzer.Core.ProjectArchitecture.Tests/RonSijm.AnaalIJzer.Core.ProjectArchitecture.Tests.csproj" />
    <Project Path="../../Tests/RonSijm.AnaalIJzer.Core.DependencyRules.Tests/RonSijm.AnaalIJzer.Core.DependencyRules.Tests.csproj" />
    <Project Path="../../Tests/RonSijm.AnaalIJzer.Core.EntryPoints.Tests/RonSijm.AnaalIJzer.Core.EntryPoints.Tests.csproj" />
    <Project Path="../../Tests/RonSijm.AnaalIJzer.Core.ApiSurface.Tests/RonSijm.AnaalIJzer.Core.ApiSurface.Tests.csproj" />
    <Project Path="../../Tests/RonSijm.AnaalIJzer.Core.NameRules.Tests/RonSijm.AnaalIJzer.Core.NameRules.Tests.csproj" />
    <Project Path="../../Tests/RonSijm.AnaalIJzer.Core.SourceLocations.Tests/RonSijm.AnaalIJzer.Core.SourceLocations.Tests.csproj" />
    <Project Path="../../Tests/RonSijm.AnaalIJzer.Core.LayerModel.Tests/RonSijm.AnaalIJzer.Core.LayerModel.Tests.csproj" />
    <Project Path="../../Tests/RonSijm.AnaalIJzer.Core.PolicyEvaluation.Tests/RonSijm.AnaalIJzer.Core.PolicyEvaluation.Tests.csproj" />
    <Project Path="../../Tests/RonSijm.AnaalIJzer.Core.RuntimeConfig.Tests/RonSijm.AnaalIJzer.Core.RuntimeConfig.Tests.csproj" />
    <Project Path="../../Tests/RonSijm.AnaalIJzer.Core.Configuration.Compilation.Tests/RonSijm.AnaalIJzer.Core.Configuration.Compilation.Tests.csproj" />
    <Project Path="../../Tests/RonSijm.AnaalIJzer.ConfigurationEditing.Tests/RonSijm.AnaalIJzer.ConfigurationEditing.Tests.csproj" />
    <Project Path="../../Tests/RonSijm.AnaalIJzer.Core.Contracts.Tests/RonSijm.AnaalIJzer.Core.Contracts.Tests.csproj" />
    <Project Path="../../Tests/RonSijm.AnaalIJzer.Core.Exceptions.Tests/RonSijm.AnaalIJzer.Core.Exceptions.Tests.csproj" />
    <Project Path="../../Tests/RonSijm.AnaalIJzer.Core.Findings.Tests/RonSijm.AnaalIJzer.Core.Findings.Tests.csproj" />
    <Project Path="../../Tests/RonSijm.AnaalIJzer.Core.Indicators.Tests/RonSijm.AnaalIJzer.Core.Indicators.Tests.csproj" />
    <Project Path="../../Tests/RonSijm.AnaalIJzer.GraphModel.Tests/RonSijm.AnaalIJzer.GraphModel.Tests.csproj" />
    <Project Path="../../Tests/RonSijm.AnaalIJzer.GraphEditor.Wpf.Tests/RonSijm.AnaalIJzer.GraphEditor.Wpf.Tests.csproj" />
    <Project Path="../../Tests/RonSijm.AnaalIJzer.Graphing.Tests/RonSijm.AnaalIJzer.Graphing.Tests.csproj" />
    <Project Path="../../Tests/RonSijm.AnaalIJzer.Core.Violations.Tests/RonSijm.AnaalIJzer.Core.Violations.Tests.csproj" />
    <Project Path="../../Tests/RonSijm.AnaalIJzer.EditorRuntime.Tests/RonSijm.AnaalIJzer.EditorRuntime.Tests.csproj" />
    <Project Path="../../Tests/RonSijm.AnaalIJzer.VisualStudio.Tests/RonSijm.AnaalIJzer.VisualStudio.Tests.csproj" />
    <Project Path="../../Tests/RonSijm.AnaalIJzer.Workspace.Tests/RonSijm.AnaalIJzer.Workspace.Tests.csproj" />
  </Folder>
  <Folder Name="/Analyzer/">
    <Project Path="../../Main/RonSijm.AnaalIJzer.Core.Findings/RonSijm.AnaalIJzer.Core.Findings.csproj" />
    <Project Path="../../Main/RonSijm.AnaalIJzer.Core.Observations/RonSijm.AnaalIJzer.Core.Observations.csproj" />
    <Project Path="../../Main/RonSijm.AnaalIJzer.Core.ProjectArchitecture/RonSijm.AnaalIJzer.Core.ProjectArchitecture.csproj" />
    <Project Path="../../Main/RonSijm.AnaalIJzer.Core.DependencyRules/RonSijm.AnaalIJzer.Core.DependencyRules.csproj" />
    <Project Path="../../Main/RonSijm.AnaalIJzer.Core.EntryPoints/RonSijm.AnaalIJzer.Core.EntryPoints.csproj" />
    <Project Path="../../Main/RonSijm.AnaalIJzer.Core.ApiSurface/RonSijm.AnaalIJzer.Core.ApiSurface.csproj" />
    <Project Path="../../Main/RonSijm.AnaalIJzer.Core.NameRules/RonSijm.AnaalIJzer.Core.NameRules.csproj" />
    <Project Path="../../Main/RonSijm.AnaalIJzer.Core.SourceLocations/RonSijm.AnaalIJzer.Core.SourceLocations.csproj" />
    <Project Path="../../Main/RonSijm.AnaalIJzer.Core.LayerModel/RonSijm.AnaalIJzer.Core.LayerModel.csproj" />
    <Project Path="../../Main/RonSijm.AnaalIJzer.Core.PolicyEvaluation/RonSijm.AnaalIJzer.Core.PolicyEvaluation.csproj" />
    <Project Path="../../Main/RonSijm.AnaalIJzer.Core.RuntimeConfig/RonSijm.AnaalIJzer.Core.RuntimeConfig.csproj" />
    <Project Path="../../Main/RonSijm.AnaalIJzer.Core.Visibility/RonSijm.AnaalIJzer.Core.Visibility.csproj" />
    <Project Path="../../Main/RonSijm.AnaalIJzer.Core.Contracts/RonSijm.AnaalIJzer.Core.Contracts.csproj" />
    <Project Path="../../Main/RonSijm.AnaalIJzer.Core.Exceptions/RonSijm.AnaalIJzer.Core.Exceptions.csproj" />
    <Project Path="../../Main/RonSijm.AnaalIJzer.Core.Editor/RonSijm.AnaalIJzer.Core.Editor.csproj" />
    <Project Path="../../Main/RonSijm.AnaalIJzer.Core.Indicators/RonSijm.AnaalIJzer.Core.Indicators.csproj" />
    <Project Path="../../Main/RonSijm.AnaalIJzer.Core.Violations/RonSijm.AnaalIJzer.Core.Violations.csproj" />
    <Project Path="../../Main/RonSijm.AnaalIJzer.Core.BuildMetadata/RonSijm.AnaalIJzer.Core.BuildMetadata.csproj" />
    <Project Path="../../Main/RonSijm.AnaalIJzer.Core.Configuration.Compilation/RonSijm.AnaalIJzer.Core.Configuration.Compilation.csproj" />
    <Project Path="../../Main/RonSijm.AnaalIJzer.Core.Configuration.Document/RonSijm.AnaalIJzer.Core.Configuration.Document.csproj" />
    <Project Path="../../Main/RonSijm.AnaalIJzer.Core.Matchers/RonSijm.AnaalIJzer.Core.Matchers.csproj" />
    <Project Path="../../Main/RonSijm.AnaalIJzer.Diagnostics/RonSijm.AnaalIJzer.Diagnostics.csproj" />
    <Project Path="../../Main/RonSijm.AnaalIJzer.ConfigurationEditing/RonSijm.AnaalIJzer.ConfigurationEditing.csproj" />
    <Project Path="../../Main/RonSijm.AnaalIJzer.EditorRuntime/RonSijm.AnaalIJzer.EditorRuntime.csproj" />
    <Project Path="../../Main/RonSijm.AnaalIJzer.GraphEditor.Wpf/RonSijm.AnaalIJzer.GraphEditor.Wpf.csproj" />
    <Project Path="../../Main/RonSijm.AnaalIJzer.GraphModel/RonSijm.AnaalIJzer.GraphModel.csproj" />
    <Project Path="../../Main/RonSijm.AnaalIJzer.Graphing.Wpf/RonSijm.AnaalIJzer.Graphing.Wpf.csproj" />
    <Project Path="../../Main/RonSijm.AnaalIJzer.Graphing/RonSijm.AnaalIJzer.Graphing.csproj" />
    <Project Path="../../Main/RonSijm.AnaalIJzer/RonSijm.AnaalIJzer.csproj" />
  </Folder>
</Solution>
