<Solution>
  <Folder Name="/Extensions/">
    <Project Path="Extensions/RonSijm.AnaalIJzer.VisualStudio/RonSijm.AnaalIJzer.VisualStudio.csproj" />
  </Folder>
  <Folder Name="/Main/" />
  <Folder Name="/Main/Analyzer/">
    <Project Path="Main/RonSijm.AnaalIJzer/RonSijm.AnaalIJzer.csproj" />
    <Project Path="Main/RonSijm.AnaalIJzer.Diagnostics/RonSijm.AnaalIJzer.Diagnostics.csproj" />
    <Project Path="Main/RonSijm.AnaalIJzer.Engine/RonSijm.AnaalIJzer.Engine.csproj" />
  </Folder>
  <Folder Name="/Main/Application/">
    <Project Path="Main/RonSijm.AnaalIJzer.Application/RonSijm.AnaalIJzer.Application.csproj" />
    <Project Path="Main/RonSijm.AnaalIJzer.Outputs/RonSijm.AnaalIJzer.Outputs.csproj" />
  </Folder>
  <Folder Name="/Main/Configuration/">
    <Project Path="Main/RonSijm.AnaalIJzer.Core.BuildMetadata/RonSijm.AnaalIJzer.Core.BuildMetadata.csproj" />
    <Project Path="Main/RonSijm.AnaalIJzer.Core.Configuration.Compilation/RonSijm.AnaalIJzer.Core.Configuration.Compilation.csproj" />
    <Project Path="Main/RonSijm.AnaalIJzer.Core.Configuration.Document/RonSijm.AnaalIJzer.Core.Configuration.Document.csproj" />
    <Project Path="Main/RonSijm.AnaalIJzer.Core.Matchers/RonSijm.AnaalIJzer.Core.Matchers.csproj" />
    <Project Path="Main/RonSijm.AnaalIJzer.Core.RuntimeConfig/RonSijm.AnaalIJzer.Core.RuntimeConfig.csproj" />
  </Folder>
  <Folder Name="/Main/Core/" />
  <Folder Name="/Main/Core/Model/">
    <Project Path="Main/RonSijm.AnaalIJzer.Core.Findings/RonSijm.AnaalIJzer.Core.Findings.csproj" />
    <Project Path="Main/RonSijm.AnaalIJzer.Core.Indicators/RonSijm.AnaalIJzer.Core.Indicators.csproj" />
    <Project Path="Main/RonSijm.AnaalIJzer.Core.LayerModel/RonSijm.AnaalIJzer.Core.LayerModel.csproj" />
    <Project Path="Main/RonSijm.AnaalIJzer.Core.Observations/RonSijm.AnaalIJzer.Core.Observations.csproj" />
    <Project Path="Main/RonSijm.AnaalIJzer.Core.Violations/RonSijm.AnaalIJzer.Core.Violations.csproj" />
  </Folder>
  <Folder Name="/Main/Core/Policies/">
    <Project Path="Main/RonSijm.AnaalIJzer.Core.ApiSurface/RonSijm.AnaalIJzer.Core.ApiSurface.csproj" />
    <Project Path="Main/RonSijm.AnaalIJzer.Core.Contracts/RonSijm.AnaalIJzer.Core.Contracts.csproj" />
    <Project Path="Main/RonSijm.AnaalIJzer.Core.DependencyRules/RonSijm.AnaalIJzer.Core.DependencyRules.csproj" />
    <Project Path="Main/RonSijm.AnaalIJzer.Core.EntryPoints/RonSijm.AnaalIJzer.Core.EntryPoints.csproj" />
    <Project Path="Main/RonSijm.AnaalIJzer.Core.Exceptions/RonSijm.AnaalIJzer.Core.Exceptions.csproj" />
    <Project Path="Main/RonSijm.AnaalIJzer.Core.Inheritance/RonSijm.AnaalIJzer.Core.Inheritance.csproj" />
    <Project Path="Main/RonSijm.AnaalIJzer.Core.NameRules/RonSijm.AnaalIJzer.Core.NameRules.csproj" />
    <Project Path="Main/RonSijm.AnaalIJzer.Core.PolicyEvaluation/RonSijm.AnaalIJzer.Core.PolicyEvaluation.csproj" />
    <Project Path="Main/RonSijm.AnaalIJzer.Core.ProjectArchitecture/RonSijm.AnaalIJzer.Core.ProjectArchitecture.csproj" />
    <Project Path="Main/RonSijm.AnaalIJzer.Core.SourceLocations/RonSijm.AnaalIJzer.Core.SourceLocations.csproj" />
    <Project Path="Main/RonSijm.AnaalIJzer.Core.Visibility/RonSijm.AnaalIJzer.Core.Visibility.csproj" />
  </Folder>
  <Folder Name="/Main/Editor/">
    <Project Path="Main/RonSijm.AnaalIJzer.Core.Editor/RonSijm.AnaalIJzer.Core.Editor.csproj" />
    <Project Path="Main/RonSijm.AnaalIJzer.EditorRuntime/RonSijm.AnaalIJzer.EditorRuntime.csproj" />
  </Folder>
  <Folder Name="/Main/Editing/">
    <Project Path="Main/RonSijm.AnaalIJzer.ConfigurationEditing/RonSijm.AnaalIJzer.ConfigurationEditing.csproj" />
  </Folder>
  <Folder Name="/Main/Graphing/">
    <Project Path="Main/RonSijm.AnaalIJzer.GraphApplication/RonSijm.AnaalIJzer.GraphApplication.csproj" />
    <Project Path="Main/RonSijm.AnaalIJzer.GraphEditor.Wpf/RonSijm.AnaalIJzer.GraphEditor.Wpf.csproj" />
    <Project Path="Main/RonSijm.AnaalIJzer.GraphModel/RonSijm.AnaalIJzer.GraphModel.csproj" />
    <Project Path="Main/RonSijm.AnaalIJzer.Graphing/RonSijm.AnaalIJzer.Graphing.csproj" />
    <Project Path="Main/RonSijm.AnaalIJzer.Graphing.Wpf/RonSijm.AnaalIJzer.Graphing.Wpf.csproj" />
    <Project Path="Main/RonSijm.AnaalIJzer.GraphWorkspace/RonSijm.AnaalIJzer.GraphWorkspace.csproj" />
  </Folder>
  <Folder Name="/Main/Workspace/">
    <Project Path="Main/RonSijm.AnaalIJzer.Workspace/RonSijm.AnaalIJzer.Workspace.csproj" />
  </Folder>
  <Folder Name="/Tests/">
    <Project Path="Tests/RonSijm.AnaalIJzer.ConfigurationEditing.Tests/RonSijm.AnaalIJzer.ConfigurationEditing.Tests.csproj" />
    <Project Path="Tests/RonSijm.AnaalIJzer.Core.BuildMetadata.Tests/RonSijm.AnaalIJzer.Core.BuildMetadata.Tests.csproj" />
    <Project Path="Tests/RonSijm.AnaalIJzer.Core.Configuration.Compilation.Tests/RonSijm.AnaalIJzer.Core.Configuration.Compilation.Tests.csproj" />
    <Project Path="Tests/RonSijm.AnaalIJzer.Core.Configuration.Document.Tests/RonSijm.AnaalIJzer.Core.Configuration.Document.Tests.csproj" />
    <Project Path="Tests/RonSijm.AnaalIJzer.Core.Contracts.Tests/RonSijm.AnaalIJzer.Core.Contracts.Tests.csproj" />
    <Project Path="Tests/RonSijm.AnaalIJzer.Core.Editor.Tests/RonSijm.AnaalIJzer.Core.Editor.Tests.csproj" />
    <Project Path="Tests/RonSijm.AnaalIJzer.Core.Exceptions.Tests/RonSijm.AnaalIJzer.Core.Exceptions.Tests.csproj" />
    <Project Path="Tests/RonSijm.AnaalIJzer.Core.Findings.Tests/RonSijm.AnaalIJzer.Core.Findings.Tests.csproj" />
    <Project Path="Tests/RonSijm.AnaalIJzer.Core.Indicators.Tests/RonSijm.AnaalIJzer.Core.Indicators.Tests.csproj" />
    <Project Path="Tests/RonSijm.AnaalIJzer.Core.Matchers.Tests/RonSijm.AnaalIJzer.Core.Matchers.Tests.csproj" />
    <Project Path="Tests/RonSijm.AnaalIJzer.Core.Observations.Tests/RonSijm.AnaalIJzer.Core.Observations.Tests.csproj" />
    <Project Path="Tests/RonSijm.AnaalIJzer.Core.ProjectArchitecture.Tests/RonSijm.AnaalIJzer.Core.ProjectArchitecture.Tests.csproj" />
    <Project Path="Tests/RonSijm.AnaalIJzer.Core.DependencyRules.Tests/RonSijm.AnaalIJzer.Core.DependencyRules.Tests.csproj" />
    <Project Path="Tests/RonSijm.AnaalIJzer.Core.EntryPoints.Tests/RonSijm.AnaalIJzer.Core.EntryPoints.Tests.csproj" />
    <Project Path="Tests/RonSijm.AnaalIJzer.Core.ApiSurface.Tests/RonSijm.AnaalIJzer.Core.ApiSurface.Tests.csproj" />
    <Project Path="Tests/RonSijm.AnaalIJzer.Core.NameRules.Tests/RonSijm.AnaalIJzer.Core.NameRules.Tests.csproj" />
    <Project Path="Tests/RonSijm.AnaalIJzer.Core.SourceLocations.Tests/RonSijm.AnaalIJzer.Core.SourceLocations.Tests.csproj" />
    <Project Path="Tests/RonSijm.AnaalIJzer.Core.LayerModel.Tests/RonSijm.AnaalIJzer.Core.LayerModel.Tests.csproj" />
    <Project Path="Tests/RonSijm.AnaalIJzer.Core.PolicyEvaluation.Tests/RonSijm.AnaalIJzer.Core.PolicyEvaluation.Tests.csproj" />
    <Project Path="Tests/RonSijm.AnaalIJzer.Core.RuntimeConfig.Tests/RonSijm.AnaalIJzer.Core.RuntimeConfig.Tests.csproj" />
    <Project Path="Tests/RonSijm.AnaalIJzer.Core.Visibility.Tests/RonSijm.AnaalIJzer.Core.Visibility.Tests.csproj" />
    <Project Path="Tests/RonSijm.AnaalIJzer.Core.Inheritance.Tests/RonSijm.AnaalIJzer.Core.Inheritance.Tests.csproj" />
    <Project Path="Tests/RonSijm.AnaalIJzer.Core.Violations.Tests/RonSijm.AnaalIJzer.Core.Violations.Tests.csproj" />
    <Project Path="Tests/RonSijm.AnaalIJzer.GraphModel.Tests/RonSijm.AnaalIJzer.GraphModel.Tests.csproj" />
    <Project Path="Tests/RonSijm.AnaalIJzer.GraphApplication.Tests/RonSijm.AnaalIJzer.GraphApplication.Tests.csproj" />
    <Project Path="Tests/RonSijm.AnaalIJzer.GraphEditor.Wpf.Tests/RonSijm.AnaalIJzer.GraphEditor.Wpf.Tests.csproj" />
    <Project Path="Tests/RonSijm.AnaalIJzer.Graphing.Tests/RonSijm.AnaalIJzer.Graphing.Tests.csproj" />
    <Project Path="Tests/RonSijm.AnaalIJzer.IntegrationTests/RonSijm.AnaalIJzer.IntegrationTests.csproj" />
    <Project Path="Tests/RonSijm.AnaalIJzer.Arse.Tests/RonSijm.AnaalIJzer.Arse.Tests.csproj" />
    <Project Path="Tests/RonSijm.AnaalIJzer.Outputs.Tests/RonSijm.AnaalIJzer.Outputs.Tests.csproj" />
    <Project Path="Tests/RonSijm.AnaalIJzer.Application.Tests/RonSijm.AnaalIJzer.Application.Tests.csproj" />
    <Project Path="Tests/RonSijm.AnaalIJzer.Analyzer.Tests/RonSijm.AnaalIJzer.Analyzer.Tests.csproj" />
    <Project Path="Tests/RonSijm.AnaalIJzer.EditorRuntime.Tests/RonSijm.AnaalIJzer.EditorRuntime.Tests.csproj" />
    <Project Path="Tests/RonSijm.AnaalIJzer.VisualStudio.Tests/RonSijm.AnaalIJzer.VisualStudio.Tests.csproj" />
    <Project Path="Tests/RonSijm.AnaalIJzer.Workspace.Tests/RonSijm.AnaalIJzer.Workspace.Tests.csproj" />
  </Folder>
  <Folder Name="/Tools/">
    <Project Path="Tools/RonSijm.AnaalIJzer.GraphEditor.Standalone/RonSijm.AnaalIJzer.GraphEditor.Standalone.csproj" />
    <Project Path="Tools/RonSijm.AnaalIJzer.Arse/RonSijm.AnaalIJzer.Arse.csproj" />
  </Folder>
</Solution>
